// !$*UTF8*$!
{
	archiveVersion = 1;
	classes = {
	};
	objectVersion = 77;
	objects = {

/* Begin PBXBuildFile section */
		045064C72D4C0E5100613011 /* OnboardingPageViewController.swift in Sources */ = {isa = PBXBuildFile; fileRef = 045064C62D4C0E3C00613011 /* OnboardingPageViewController.swift */; };
		045064C92D4C0E9D00613011 /* OnboardingViewController.swift in Sources */ = {isa = PBXBuildFile; fileRef = 045064C82D4C0E8E00613011 /* OnboardingViewController.swift */; };
		045064CB2D4C116600613011 /* UserDefaultsOnboarding.swift in Sources */ = {isa = PBXBuildFile; fileRef = 045064CA2D4C115400613011 /* UserDefaultsOnboarding.swift */; };
		1511B5232D2DB3CF009677CF /* DateConverter.swift in Sources */ = {isa = PBXBuildFile; fileRef = 1511B5222D2DB3BF009677CF /* DateConverter.swift */; };
		1518D57A2CDBEFBD00E9189A /* Tracker.swift in Sources */ = {isa = PBXBuildFile; fileRef = 1518D5792CDBEFB700E9189A /* Tracker.swift */; };
		1518D57C2CDBF03B00E9189A /* TrackerCategory.swift in Sources */ = {isa = PBXBuildFile; fileRef = 1518D57B2CDBF03100E9189A /* TrackerCategory.swift */; };
		1518D57E2CDBF08000E9189A /* TrackerRecord.swift in Sources */ = {isa = PBXBuildFile; fileRef = 1518D57D2CDBF06E00E9189A /* TrackerRecord.swift */; };
		1518D5802CE3C73400E9189A /* TrackersCollectionCell.swift in Sources */ = {isa = PBXBuildFile; fileRef = 1518D57F2CE3C72100E9189A /* TrackersCollectionCell.swift */; };
		1518D5822CEBB79900E9189A /* ThumbnailStateView.swift in Sources */ = {isa = PBXBuildFile; fileRef = 1518D5812CEBB78700E9189A /* ThumbnailStateView.swift */; };
		1518D5842CEBBB7E00E9189A /* WeekDay.swift in Sources */ = {isa = PBXBuildFile; fileRef = 1518D5832CEBBB7800E9189A /* WeekDay.swift */; };
		1518D5872CEBBD9C00E9189A /* GeometricParams.swift in Sources */ = {isa = PBXBuildFile; fileRef = 1518D5862CEBBD8F00E9189A /* GeometricParams.swift */; };
		1518D5892CEBC23500E9189A /* TrackersCategoryHeader.swift in Sources */ = {isa = PBXBuildFile; fileRef = 1518D5882CEBC22800E9189A /* TrackersCategoryHeader.swift */; };
		1518D58C2CEBC69C00E9189A /* AddTrackerViewController.swift in Sources */ = {isa = PBXBuildFile; fileRef = 1518D58B2CEBC69400E9189A /* AddTrackerViewController.swift */; };
		1518D58E2CEBCA4C00E9189A /* NewTrackerViewController.swift in Sources */ = {isa = PBXBuildFile; fileRef = 1518D58D2CEBCA3C00E9189A /* NewTrackerViewController.swift */; };
		1518D5902CEBD0AF00E9189A /* ActionButton.swift in Sources */ = {isa = PBXBuildFile; fileRef = 1518D58F2CEBD0A100E9189A /* ActionButton.swift */; };
		1518D5932CEBD11400E9189A /* ScheduleViewController.swift in Sources */ = {isa = PBXBuildFile; fileRef = 1518D5922CEBD10A00E9189A /* ScheduleViewController.swift */; };
		1518D5952CEBD3F800E9189A /* AddSeparator.swift in Sources */ = {isa = PBXBuildFile; fileRef = 1518D5942CEBD3EA00E9189A /* AddSeparator.swift */; };
		1518D5972CEBD45000E9189A /* ApplyCornerRadius.swift in Sources */ = {isa = PBXBuildFile; fileRef = 1518D5962CEBD44200E9189A /* ApplyCornerRadius.swift */; };
		1518D59B2CEBD4B800E9189A /* ScheduleCell.swift in Sources */ = {isa = PBXBuildFile; fileRef = 1518D59A2CEBD4AF00E9189A /* ScheduleCell.swift */; };
		1518D59E2CEBD65100E9189A /* LinkCell.swift in Sources */ = {isa = PBXBuildFile; fileRef = 1518D59D2CEBD64A00E9189A /* LinkCell.swift */; };
		1518D5A02CEBD68800E9189A /* TextCell.swift in Sources */ = {isa = PBXBuildFile; fileRef = 1518D59F2CEBD68300E9189A /* TextCell.swift */; };
		154A9BD52D1B6D9900B24184 /* EmojiCell.swift in Sources */ = {isa = PBXBuildFile; fileRef = 154A9BD42D1B6D8700B24184 /* EmojiCell.swift */; };
		154A9BD72D1B6E4100B24184 /* ProtocolSelectableCell.swift in Sources */ = {isa = PBXBuildFile; fileRef = 154A9BD62D1B6E3700B24184 /* ProtocolSelectableCell.swift */; };
		154A9BD92D1B6E5C00B24184 /* ColorCell.swift in Sources */ = {isa = PBXBuildFile; fileRef = 154A9BD82D1B6E5700B24184 /* ColorCell.swift */; };
		154A9BDB2D1B724400B24184 /* SectionHeader.swift in Sources */ = {isa = PBXBuildFile; fileRef = 154A9BDA2D1B723A00B24184 /* SectionHeader.swift */; };
		154A9BDD2D1B765700B24184 /* CoreDataManager.swift in Sources */ = {isa = PBXBuildFile; fileRef = 154A9BDC2D1B764E00B24184 /* CoreDataManager.swift */; };
		154A9BE12D1B77DA00B24184 /* Model.xcdatamodeld in Sources */ = {isa = PBXBuildFile; fileRef = 154A9BDF2D1B77DA00B24184 /* Model.xcdatamodeld */; };
		154A9BE22D1B77DA00B24184 /* Model.xcdatamodeld in Sources */ = {isa = PBXBuildFile; fileRef = 154A9BDF2D1B77DA00B24184 /* Model.xcdatamodeld */; };
		157672292D1B80250092BFC2 /* TrackerCategoryStore.swift in Sources */ = {isa = PBXBuildFile; fileRef = 157672282D1B80170092BFC2 /* TrackerCategoryStore.swift */; };
		1576722A2D1B80250092BFC2 /* TrackerCategoryStore.swift in Sources */ = {isa = PBXBuildFile; fileRef = 157672282D1B80170092BFC2 /* TrackerCategoryStore.swift */; };
		1576722C2D1B803D0092BFC2 /* TrackerRecordStore.swift in Sources */ = {isa = PBXBuildFile; fileRef = 1576722B2D1B80320092BFC2 /* TrackerRecordStore.swift */; };
		1576722D2D1B803D0092BFC2 /* TrackerRecordStore.swift in Sources */ = {isa = PBXBuildFile; fileRef = 1576722B2D1B80320092BFC2 /* TrackerRecordStore.swift */; };
		1576722F2D1B804E0092BFC2 /* TrackerStore.swift in Sources */ = {isa = PBXBuildFile; fileRef = 1576722E2D1B80490092BFC2 /* TrackerStore.swift */; };
		157672302D1B804E0092BFC2 /* TrackerStore.swift in Sources */ = {isa = PBXBuildFile; fileRef = 1576722E2D1B80490092BFC2 /* TrackerStore.swift */; };
		157672322D1B80840092BFC2 /* UIColorMarshalling.swift in Sources */ = {isa = PBXBuildFile; fileRef = 157672312D1B80780092BFC2 /* UIColorMarshalling.swift */; };
		157672342D1B84DE0092BFC2 /* WeekdayConverter.swift in Sources */ = {isa = PBXBuildFile; fileRef = 157672332D1B84D00092BFC2 /* WeekdayConverter.swift */; };
		15B2D0202CB7283D004986A7 /* LaunchScreen.storyboard in Resources */ = {isa = PBXBuildFile; fileRef = 15B2D0112CB7283D004986A7 /* LaunchScreen.storyboard */; };
		15B2D0212CB7283D004986A7 /* Assets.xcassets in Resources */ = {isa = PBXBuildFile; fileRef = 15B2D0182CB7283D004986A7 /* Assets.xcassets */; };
		15B2D0242CB7283D004986A7 /* TabBarController.swift in Sources */ = {isa = PBXBuildFile; fileRef = 15B2D0132CB7283D004986A7 /* TabBarController.swift */; };
		15B2D0252CB7283D004986A7 /* TrackersViewController.swift in Sources */ = {isa = PBXBuildFile; fileRef = 15B2D0152CB7283D004986A7 /* TrackersViewController.swift */; };
		15B2D0262CB7283D004986A7 /* AppDelegate.swift in Sources */ = {isa = PBXBuildFile; fileRef = 15B2D0172CB7283D004986A7 /* AppDelegate.swift */; };
		15B2D0272CB7283D004986A7 /* SceneDelegate.swift in Sources */ = {isa = PBXBuildFile; fileRef = 15B2D01C2CB7283D004986A7 /* SceneDelegate.swift */; };
		15B2D02B2CB7284F004986A7 /* StatsViewController.swift in Sources */ = {isa = PBXBuildFile; fileRef = 15B2D02A2CB72849004986A7 /* StatsViewController.swift */; };
/* End PBXBuildFile section */

/* Begin PBXContainerItemProxy section */
		15FCF4FC2CB46F9B00514277 /* PBXContainerItemProxy */ = {
			isa = PBXContainerItemProxy;
			containerPortal = 15FCF4DA2CB46F9900514277 /* Project object */;
			proxyType = 1;
			remoteGlobalIDString = 15FCF4E12CB46F9900514277;
			remoteInfo = TrackerIos;
		};
		15FCF5062CB46F9B00514277 /* PBXContainerItemProxy */ = {
			isa = PBXContainerItemProxy;
			containerPortal = 15FCF4DA2CB46F9900514277 /* Project object */;
			proxyType = 1;
			remoteGlobalIDString = 15FCF4E12CB46F9900514277;
			remoteInfo = TrackerIos;
		};
/* End PBXContainerItemProxy section */

/* Begin PBXFileReference section */
		045064C62D4C0E3C00613011 /* OnboardingPageViewController.swift */ = {isa = PBXFileReference; lastKnownFileType = sourcecode.swift; path = OnboardingPageViewController.swift; sourceTree = "<group>"; };
		045064C82D4C0E8E00613011 /* OnboardingViewController.swift */ = {isa = PBXFileReference; lastKnownFileType = sourcecode.swift; path = OnboardingViewController.swift; sourceTree = "<group>"; };
		045064CA2D4C115400613011 /* UserDefaultsOnboarding.swift */ = {isa = PBXFileReference; lastKnownFileType = sourcecode.swift; path = UserDefaultsOnboarding.swift; sourceTree = "<group>"; };
		1511B5222D2DB3BF009677CF /* DateConverter.swift */ = {isa = PBXFileReference; lastKnownFileType = sourcecode.swift; path = DateConverter.swift; sourceTree = "<group>"; };
		1518D5792CDBEFB700E9189A /* Tracker.swift */ = {isa = PBXFileReference; lastKnownFileType = sourcecode.swift; path = Tracker.swift; sourceTree = "<group>"; };
		1518D57B2CDBF03100E9189A /* TrackerCategory.swift */ = {isa = PBXFileReference; lastKnownFileType = sourcecode.swift; path = TrackerCategory.swift; sourceTree = "<group>"; };
		1518D57D2CDBF06E00E9189A /* TrackerRecord.swift */ = {isa = PBXFileReference; lastKnownFileType = sourcecode.swift; path = TrackerRecord.swift; sourceTree = "<group>"; };
		1518D57F2CE3C72100E9189A /* TrackersCollectionCell.swift */ = {isa = PBXFileReference; lastKnownFileType = sourcecode.swift; path = TrackersCollectionCell.swift; sourceTree = "<group>"; };
		1518D5812CEBB78700E9189A /* ThumbnailStateView.swift */ = {isa = PBXFileReference; lastKnownFileType = sourcecode.swift; path = ThumbnailStateView.swift; sourceTree = "<group>"; };
		1518D5832CEBBB7800E9189A /* WeekDay.swift */ = {isa = PBXFileReference; lastKnownFileType = sourcecode.swift; path = WeekDay.swift; sourceTree = "<group>"; };
		1518D5862CEBBD8F00E9189A /* GeometricParams.swift */ = {isa = PBXFileReference; lastKnownFileType = sourcecode.swift; path = GeometricParams.swift; sourceTree = "<group>"; };
		1518D5882CEBC22800E9189A /* TrackersCategoryHeader.swift */ = {isa = PBXFileReference; lastKnownFileType = sourcecode.swift; path = TrackersCategoryHeader.swift; sourceTree = "<group>"; };
		1518D58B2CEBC69400E9189A /* AddTrackerViewController.swift */ = {isa = PBXFileReference; lastKnownFileType = sourcecode.swift; path = AddTrackerViewController.swift; sourceTree = "<group>"; };
		1518D58D2CEBCA3C00E9189A /* NewTrackerViewController.swift */ = {isa = PBXFileReference; lastKnownFileType = sourcecode.swift; path = NewTrackerViewController.swift; sourceTree = "<group>"; };
		1518D58F2CEBD0A100E9189A /* ActionButton.swift */ = {isa = PBXFileReference; lastKnownFileType = sourcecode.swift; path = ActionButton.swift; sourceTree = "<group>"; };
		1518D5922CEBD10A00E9189A /* ScheduleViewController.swift */ = {isa = PBXFileReference; lastKnownFileType = sourcecode.swift; path = ScheduleViewController.swift; sourceTree = "<group>"; };
		1518D5942CEBD3EA00E9189A /* AddSeparator.swift */ = {isa = PBXFileReference; lastKnownFileType = sourcecode.swift; path = AddSeparator.swift; sourceTree = "<group>"; };
		1518D5962CEBD44200E9189A /* ApplyCornerRadius.swift */ = {isa = PBXFileReference; lastKnownFileType = sourcecode.swift; path = ApplyCornerRadius.swift; sourceTree = "<group>"; };
		1518D59A2CEBD4AF00E9189A /* ScheduleCell.swift */ = {isa = PBXFileReference; lastKnownFileType = sourcecode.swift; path = ScheduleCell.swift; sourceTree = "<group>"; };
		1518D59D2CEBD64A00E9189A /* LinkCell.swift */ = {isa = PBXFileReference; lastKnownFileType = sourcecode.swift; path = LinkCell.swift; sourceTree = "<group>"; };
		1518D59F2CEBD68300E9189A /* TextCell.swift */ = {isa = PBXFileReference; lastKnownFileType = sourcecode.swift; path = TextCell.swift; sourceTree = "<group>"; };
		154A9BD42D1B6D8700B24184 /* EmojiCell.swift */ = {isa = PBXFileReference; lastKnownFileType = sourcecode.swift; path = EmojiCell.swift; sourceTree = "<group>"; };
		154A9BD62D1B6E3700B24184 /* ProtocolSelectableCell.swift */ = {isa = PBXFileReference; lastKnownFileType = sourcecode.swift; path = ProtocolSelectableCell.swift; sourceTree = "<group>"; };
		154A9BD82D1B6E5700B24184 /* ColorCell.swift */ = {isa = PBXFileReference; lastKnownFileType = sourcecode.swift; path = ColorCell.swift; sourceTree = "<group>"; };
		154A9BDA2D1B723A00B24184 /* SectionHeader.swift */ = {isa = PBXFileReference; lastKnownFileType = sourcecode.swift; path = SectionHeader.swift; sourceTree = "<group>"; };
		154A9BDC2D1B764E00B24184 /* CoreDataManager.swift */ = {isa = PBXFileReference; lastKnownFileType = sourcecode.swift; path = CoreDataManager.swift; sourceTree = "<group>"; };
		154A9BE02D1B77DA00B24184 /* Model.xcdatamodel */ = {isa = PBXFileReference; lastKnownFileType = wrapper.xcdatamodel; path = Model.xcdatamodel; sourceTree = "<group>"; };
		157672282D1B80170092BFC2 /* TrackerCategoryStore.swift */ = {isa = PBXFileReference; lastKnownFileType = sourcecode.swift; path = TrackerCategoryStore.swift; sourceTree = "<group>"; };
		1576722B2D1B80320092BFC2 /* TrackerRecordStore.swift */ = {isa = PBXFileReference; lastKnownFileType = sourcecode.swift; path = TrackerRecordStore.swift; sourceTree = "<group>"; };
		1576722E2D1B80490092BFC2 /* TrackerStore.swift */ = {isa = PBXFileReference; lastKnownFileType = sourcecode.swift; path = TrackerStore.swift; sourceTree = "<group>"; };
		157672312D1B80780092BFC2 /* UIColorMarshalling.swift */ = {isa = PBXFileReference; lastKnownFileType = sourcecode.swift; path = UIColorMarshalling.swift; sourceTree = "<group>"; };
		157672332D1B84D00092BFC2 /* WeekdayConverter.swift */ = {isa = PBXFileReference; lastKnownFileType = sourcecode.swift; path = WeekdayConverter.swift; sourceTree = "<group>"; };
		15B2D0102CB7283D004986A7 /* Base */ = {isa = PBXFileReference; lastKnownFileType = file.storyboard; name = Base; path = Base.lproj/LaunchScreen.storyboard; sourceTree = "<group>"; };
		15B2D0132CB7283D004986A7 /* TabBarController.swift */ = {isa = PBXFileReference; lastKnownFileType = sourcecode.swift; path = TabBarController.swift; sourceTree = "<group>"; };
		15B2D0152CB7283D004986A7 /* TrackersViewController.swift */ = {isa = PBXFileReference; lastKnownFileType = sourcecode.swift; path = TrackersViewController.swift; sourceTree = "<group>"; };
		15B2D0172CB7283D004986A7 /* AppDelegate.swift */ = {isa = PBXFileReference; lastKnownFileType = sourcecode.swift; path = AppDelegate.swift; sourceTree = "<group>"; };
		15B2D0182CB7283D004986A7 /* Assets.xcassets */ = {isa = PBXFileReference; lastKnownFileType = folder.assetcatalog; path = Assets.xcassets; sourceTree = "<group>"; };
		15B2D0192CB7283D004986A7 /* Info.plist */ = {isa = PBXFileReference; lastKnownFileType = text.plist.xml; path = Info.plist; sourceTree = "<group>"; };
		15B2D01C2CB7283D004986A7 /* SceneDelegate.swift */ = {isa = PBXFileReference; lastKnownFileType = sourcecode.swift; path = SceneDelegate.swift; sourceTree = "<group>"; };
		15B2D02A2CB72849004986A7 /* StatsViewController.swift */ = {isa = PBXFileReference; lastKnownFileType = sourcecode.swift; path = StatsViewController.swift; sourceTree = "<group>"; };
		15FCF4E22CB46F9900514277 /* TrackerIos.app */ = {isa = PBXFileReference; explicitFileType = wrapper.application; includeInIndex = 0; path = TrackerIos.app; sourceTree = BUILT_PRODUCTS_DIR; };
		15FCF4FB2CB46F9B00514277 /* TrackerIosTests.xctest */ = {isa = PBXFileReference; explicitFileType = wrapper.cfbundle; includeInIndex = 0; path = TrackerIosTests.xctest; sourceTree = BUILT_PRODUCTS_DIR; };
		15FCF5052CB46F9B00514277 /* TrackerIosUITests.xctest */ = {isa = PBXFileReference; explicitFileType = wrapper.cfbundle; includeInIndex = 0; path = TrackerIosUITests.xctest; sourceTree = BUILT_PRODUCTS_DIR; };
/* End PBXFileReference section */

/* Begin PBXFileSystemSynchronizedRootGroup section */
		15FCF4FE2CB46F9B00514277 /* TrackerIosTests */ = {
			isa = PBXFileSystemSynchronizedRootGroup;
			path = TrackerIosTests;
			sourceTree = "<group>";
		};
		15FCF5082CB46F9B00514277 /* TrackerIosUITests */ = {
			isa = PBXFileSystemSynchronizedRootGroup;
			path = TrackerIosUITests;
			sourceTree = "<group>";
		};
/* End PBXFileSystemSynchronizedRootGroup section */

/* Begin PBXFrameworksBuildPhase section */
		15FCF4DF2CB46F9900514277 /* Frameworks */ = {
			isa = PBXFrameworksBuildPhase;
			buildActionMask = 2147483647;
			files = (
			);
			runOnlyForDeploymentPostprocessing = 0;
		};
		15FCF4F82CB46F9B00514277 /* Frameworks */ = {
			isa = PBXFrameworksBuildPhase;
			buildActionMask = 2147483647;
			files = (
			);
			runOnlyForDeploymentPostprocessing = 0;
		};
		15FCF5022CB46F9B00514277 /* Frameworks */ = {
			isa = PBXFrameworksBuildPhase;
			buildActionMask = 2147483647;
			files = (
			);
			runOnlyForDeploymentPostprocessing = 0;
		};
/* End PBXFrameworksBuildPhase section */

/* Begin PBXGroup section */
		045064C52D4C0E2800613011 /* Onboarding */ = {
			isa = PBXGroup;
			children = (
				045064C82D4C0E8E00613011 /* OnboardingViewController.swift */,
				045064C62D4C0E3C00613011 /* OnboardingPageViewController.swift */,
			);
			path = Onboarding;
			sourceTree = "<group>";
		};
		1518D5782CDBEFAE00E9189A /* Models */ = {
			isa = PBXGroup;
			children = (
				1518D5832CEBBB7800E9189A /* WeekDay.swift */,
				1518D57D2CDBF06E00E9189A /* TrackerRecord.swift */,
				1518D57B2CDBF03100E9189A /* TrackerCategory.swift */,
				1518D5792CDBEFB700E9189A /* Tracker.swift */,
			);
			path = Models;
			sourceTree = "<group>";
		};
		1518D5852CEBBD8300E9189A /* Helpers */ = {
			isa = PBXGroup;
			children = (
				045064CA2D4C115400613011 /* UserDefaultsOnboarding.swift */,
				1511B5222D2DB3BF009677CF /* DateConverter.swift */,
				157672332D1B84D00092BFC2 /* WeekdayConverter.swift */,
				157672312D1B80780092BFC2 /* UIColorMarshalling.swift */,
				154A9BD62D1B6E3700B24184 /* ProtocolSelectableCell.swift */,
				1518D5962CEBD44200E9189A /* ApplyCornerRadius.swift */,
				1518D5942CEBD3EA00E9189A /* AddSeparator.swift */,
				1518D58F2CEBD0A100E9189A /* ActionButton.swift */,
				1518D5862CEBBD8F00E9189A /* GeometricParams.swift */,
			);
			path = Helpers;
			sourceTree = "<group>";
		};
		1518D58A2CEBC68700E9189A /* New tracker */ = {
			isa = PBXGroup;
			children = (
				154A9BDA2D1B723A00B24184 /* SectionHeader.swift */,
				1518D59C2CEBD63D00E9189A /* Cells */,
				1518D58D2CEBCA3C00E9189A /* NewTrackerViewController.swift */,
				1518D58B2CEBC69400E9189A /* AddTrackerViewController.swift */,
			);
			path = "New tracker";
			sourceTree = "<group>";
		};
		1518D5912CEBD0F800E9189A /* Schedule */ = {
			isa = PBXGroup;
			children = (
				1518D59A2CEBD4AF00E9189A /* ScheduleCell.swift */,
				1518D5922CEBD10A00E9189A /* ScheduleViewController.swift */,
			);
			path = Schedule;
			sourceTree = "<group>";
		};
		1518D59C2CEBD63D00E9189A /* Cells */ = {
			isa = PBXGroup;
			children = (
				154A9BD82D1B6E5700B24184 /* ColorCell.swift */,
				1518D59F2CEBD68300E9189A /* TextCell.swift */,
				1518D59D2CEBD64A00E9189A /* LinkCell.swift */,
			);
			path = Cells;
			sourceTree = "<group>";
		};
		157672272D1B7FF30092BFC2 /* CoreData */ = {
			isa = PBXGroup;
			children = (
				1576722E2D1B80490092BFC2 /* TrackerStore.swift */,
				1576722B2D1B80320092BFC2 /* TrackerRecordStore.swift */,
				157672282D1B80170092BFC2 /* TrackerCategoryStore.swift */,
				154A9BDC2D1B764E00B24184 /* CoreDataManager.swift */,
				154A9BDF2D1B77DA00B24184 /* Model.xcdatamodeld */,
			);
			path = CoreData;
			sourceTree = "<group>";
		};
		15B2D0122CB7283D004986A7 /* LaunchScreen */ = {
			isa = PBXGroup;
			children = (
				15B2D0112CB7283D004986A7 /* LaunchScreen.storyboard */,
			);
			path = LaunchScreen;
			sourceTree = "<group>";
		};
		15B2D0142CB7283D004986A7 /* TabBar */ = {
			isa = PBXGroup;
			children = (
				15B2D0132CB7283D004986A7 /* TabBarController.swift */,
			);
			path = TabBar;
			sourceTree = "<group>";
		};
		15B2D0162CB7283D004986A7 /* Trackers */ = {
			isa = PBXGroup;
			children = (
				157672272D1B7FF30092BFC2 /* CoreData */,
				1518D58A2CEBC68700E9189A /* New tracker */,
				154A9BD42D1B6D8700B24184 /* EmojiCell.swift */,
				1518D5882CEBC22800E9189A /* TrackersCategoryHeader.swift */,
				1518D5812CEBB78700E9189A /* ThumbnailStateView.swift */,
				1518D57F2CE3C72100E9189A /* TrackersCollectionCell.swift */,
				15B2D0152CB7283D004986A7 /* TrackersViewController.swift */,
			);
			path = Trackers;
			sourceTree = "<group>";
		};
		15B2D01E2CB7283D004986A7 /* TrackerIos */ = {
			isa = PBXGroup;
			children = (
				1518D5852CEBBD8300E9189A /* Helpers */,
				045064C52D4C0E2800613011 /* Onboarding */,
				15B2D0122CB7283D004986A7 /* LaunchScreen */,
				15B2D0142CB7283D004986A7 /* TabBar */,
				15B2D0162CB7283D004986A7 /* Trackers */,
				1518D5912CEBD0F800E9189A /* Schedule */,
				15B2D0292CB72842004986A7 /* Stats */,
				1518D5782CDBEFAE00E9189A /* Models */,
				15B2D0172CB7283D004986A7 /* AppDelegate.swift */,
				15B2D0182CB7283D004986A7 /* Assets.xcassets */,
				15B2D0192CB7283D004986A7 /* Info.plist */,
				15B2D01C2CB7283D004986A7 /* SceneDelegate.swift */,
			);
			path = TrackerIos;
			sourceTree = "<group>";
		};
		15B2D0292CB72842004986A7 /* Stats */ = {
			isa = PBXGroup;
			children = (
				15B2D02A2CB72849004986A7 /* StatsViewController.swift */,
			);
			path = Stats;
			sourceTree = "<group>";
		};
		15FCF4D92CB46F9900514277 = {
			isa = PBXGroup;
			children = (
				15B2D01E2CB7283D004986A7 /* TrackerIos */,
				15FCF4FE2CB46F9B00514277 /* TrackerIosTests */,
				15FCF5082CB46F9B00514277 /* TrackerIosUITests */,
				15FCF4E32CB46F9900514277 /* Products */,
			);
			sourceTree = "<group>";
		};
		15FCF4E32CB46F9900514277 /* Products */ = {
			isa = PBXGroup;
			children = (
				15FCF4E22CB46F9900514277 /* TrackerIos.app */,
				15FCF4FB2CB46F9B00514277 /* TrackerIosTests.xctest */,
				15FCF5052CB46F9B00514277 /* TrackerIosUITests.xctest */,
			);
			name = Products;
			sourceTree = "<group>";
		};
/* End PBXGroup section */

/* Begin PBXNativeTarget section */
		15FCF4E12CB46F9900514277 /* TrackerIos */ = {
			isa = PBXNativeTarget;
			buildConfigurationList = 15FCF50E2CB46F9B00514277 /* Build configuration list for PBXNativeTarget "TrackerIos" */;
			buildPhases = (
				15FCF4DE2CB46F9900514277 /* Sources */,
				15FCF4DF2CB46F9900514277 /* Frameworks */,
				15FCF4E02CB46F9900514277 /* Resources */,
			);
			buildRules = (
			);
			dependencies = (
			);
			name = TrackerIos;
			packageProductDependencies = (
			);
			productName = TrackerIos;
			productReference = 15FCF4E22CB46F9900514277 /* TrackerIos.app */;
			productType = "com.apple.product-type.application";
		};
		15FCF4FA2CB46F9B00514277 /* TrackerIosTests */ = {
			isa = PBXNativeTarget;
			buildConfigurationList = 15FCF5132CB46F9B00514277 /* Build configuration list for PBXNativeTarget "TrackerIosTests" */;
			buildPhases = (
				15FCF4F72CB46F9B00514277 /* Sources */,
				15FCF4F82CB46F9B00514277 /* Frameworks */,
				15FCF4F92CB46F9B00514277 /* Resources */,
			);
			buildRules = (
			);
			dependencies = (
				15FCF4FD2CB46F9B00514277 /* PBXTargetDependency */,
			);
			fileSystemSynchronizedGroups = (
				15FCF4FE2CB46F9B00514277 /* TrackerIosTests */,
			);
			name = TrackerIosTests;
			packageProductDependencies = (
			);
			productName = TrackerIosTests;
			productReference = 15FCF4FB2CB46F9B00514277 /* TrackerIosTests.xctest */;
			productType = "com.apple.product-type.bundle.unit-test";
		};
		15FCF5042CB46F9B00514277 /* TrackerIosUITests */ = {
			isa = PBXNativeTarget;
			buildConfigurationList = 15FCF5162CB46F9B00514277 /* Build configuration list for PBXNativeTarget "TrackerIosUITests" */;
			buildPhases = (
				15FCF5012CB46F9B00514277 /* Sources */,
				15FCF5022CB46F9B00514277 /* Frameworks */,
				15FCF5032CB46F9B00514277 /* Resources */,
			);
			buildRules = (
			);
			dependencies = (
				15FCF5072CB46F9B00514277 /* PBXTargetDependency */,
			);
			fileSystemSynchronizedGroups = (
				15FCF5082CB46F9B00514277 /* TrackerIosUITests */,
			);
			name = TrackerIosUITests;
			packageProductDependencies = (
			);
			productName = TrackerIosUITests;
			productReference = 15FCF5052CB46F9B00514277 /* TrackerIosUITests.xctest */;
			productType = "com.apple.product-type.bundle.ui-testing";
		};
/* End PBXNativeTarget section */

/* Begin PBXProject section */
		15FCF4DA2CB46F9900514277 /* Project object */ = {
			isa = PBXProject;
			attributes = {
				BuildIndependentTargetsInParallel = 1;
				LastSwiftUpdateCheck = 1600;
				LastUpgradeCheck = 1600;
				TargetAttributes = {
					15FCF4E12CB46F9900514277 = {
						CreatedOnToolsVersion = 16.0;
					};
					15FCF4FA2CB46F9B00514277 = {
						CreatedOnToolsVersion = 16.0;
						TestTargetID = 15FCF4E12CB46F9900514277;
					};
					15FCF5042CB46F9B00514277 = {
						CreatedOnToolsVersion = 16.0;
						TestTargetID = 15FCF4E12CB46F9900514277;
					};
				};
			};
			buildConfigurationList = 15FCF4DD2CB46F9900514277 /* Build configuration list for PBXProject "TrackerIos" */;
			developmentRegion = en;
			hasScannedForEncodings = 0;
			knownRegions = (
				en,
				Base,
			);
			mainGroup = 15FCF4D92CB46F9900514277;
			minimizedProjectReferenceProxies = 1;
			preferredProjectObjectVersion = 77;
			productRefGroup = 15FCF4E32CB46F9900514277 /* Products */;
			projectDirPath = "";
			projectRoot = "";
			targets = (
				15FCF4E12CB46F9900514277 /* TrackerIos */,
				15FCF4FA2CB46F9B00514277 /* TrackerIosTests */,
				15FCF5042CB46F9B00514277 /* TrackerIosUITests */,
			);
		};
/* End PBXProject section */

/* Begin PBXResourcesBuildPhase section */
		15FCF4E02CB46F9900514277 /* Resources */ = {
			isa = PBXResourcesBuildPhase;
			buildActionMask = 2147483647;
			files = (
				15B2D0202CB7283D004986A7 /* LaunchScreen.storyboard in Resources */,
				15B2D0212CB7283D004986A7 /* Assets.xcassets in Resources */,
			);
			runOnlyForDeploymentPostprocessing = 0;
		};
		15FCF4F92CB46F9B00514277 /* Resources */ = {
			isa = PBXResourcesBuildPhase;
			buildActionMask = 2147483647;
			files = (
			);
			runOnlyForDeploymentPostprocessing = 0;
		};
		15FCF5032CB46F9B00514277 /* Resources */ = {
			isa = PBXResourcesBuildPhase;
			buildActionMask = 2147483647;
			files = (
			);
			runOnlyForDeploymentPostprocessing = 0;
		};
/* End PBXResourcesBuildPhase section */

/* Begin PBXSourcesBuildPhase section */
		15FCF4DE2CB46F9900514277 /* Sources */ = {
			isa = PBXSourcesBuildPhase;
			buildActionMask = 2147483647;
			files = (
				1518D58C2CEBC69C00E9189A /* AddTrackerViewController.swift in Sources */,
				157672342D1B84DE0092BFC2 /* WeekdayConverter.swift in Sources */,
				15B2D0242CB7283D004986A7 /* TabBarController.swift in Sources */,
				15B2D0252CB7283D004986A7 /* TrackersViewController.swift in Sources */,
				1518D5932CEBD11400E9189A /* ScheduleViewController.swift in Sources */,
				1518D5A02CEBD68800E9189A /* TextCell.swift in Sources */,
				154A9BDB2D1B724400B24184 /* SectionHeader.swift in Sources */,
				045064C92D4C0E9D00613011 /* OnboardingViewController.swift in Sources */,
				1576722F2D1B804E0092BFC2 /* TrackerStore.swift in Sources */,
				1518D57C2CDBF03B00E9189A /* TrackerCategory.swift in Sources */,
				154A9BD52D1B6D9900B24184 /* EmojiCell.swift in Sources */,
				1518D5972CEBD45000E9189A /* ApplyCornerRadius.swift in Sources */,
				15B2D0262CB7283D004986A7 /* AppDelegate.swift in Sources */,
				045064C72D4C0E5100613011 /* OnboardingPageViewController.swift in Sources */,
				1518D59E2CEBD65100E9189A /* LinkCell.swift in Sources */,
				045064CB2D4C116600613011 /* UserDefaultsOnboarding.swift in Sources */,
				15B2D0272CB7283D004986A7 /* SceneDelegate.swift in Sources */,
				1511B5232D2DB3CF009677CF /* DateConverter.swift in Sources */,
				154A9BD92D1B6E5C00B24184 /* ColorCell.swift in Sources */,
				1518D5822CEBB79900E9189A /* ThumbnailStateView.swift in Sources */,
				1518D5902CEBD0AF00E9189A /* ActionButton.swift in Sources */,
				1518D5842CEBBB7E00E9189A /* WeekDay.swift in Sources */,
				1518D57E2CDBF08000E9189A /* TrackerRecord.swift in Sources */,
				15B2D02B2CB7284F004986A7 /* StatsViewController.swift in Sources */,
				1518D5892CEBC23500E9189A /* TrackersCategoryHeader.swift in Sources */,
				154A9BD72D1B6E4100B24184 /* ProtocolSelectableCell.swift in Sources */,
				1576722D2D1B803D0092BFC2 /* TrackerRecordStore.swift in Sources */,
				1518D5802CE3C73400E9189A /* TrackersCollectionCell.swift in Sources */,
				1518D57A2CDBEFBD00E9189A /* Tracker.swift in Sources */,
				157672322D1B80840092BFC2 /* UIColorMarshalling.swift in Sources */,
				1518D58E2CEBCA4C00E9189A /* NewTrackerViewController.swift in Sources */,
				1518D5872CEBBD9C00E9189A /* GeometricParams.swift in Sources */,
				1518D59B2CEBD4B800E9189A /* ScheduleCell.swift in Sources */,
				1576722A2D1B80250092BFC2 /* TrackerCategoryStore.swift in Sources */,
				154A9BDD2D1B765700B24184 /* CoreDataManager.swift in Sources */,
				1518D5952CEBD3F800E9189A /* AddSeparator.swift in Sources */,
				154A9BE22D1B77DA00B24184 /* Model.xcdatamodeld in Sources */,
			);
			runOnlyForDeploymentPostprocessing = 0;
		};
		15FCF4F72CB46F9B00514277 /* Sources */ = {
			isa = PBXSourcesBuildPhase;
			buildActionMask = 2147483647;
			files = (
				154A9BE12D1B77DA00B24184 /* Model.xcdatamodeld in Sources */,
				157672292D1B80250092BFC2 /* TrackerCategoryStore.swift in Sources */,
				1576722C2D1B803D0092BFC2 /* TrackerRecordStore.swift in Sources */,
				157672302D1B804E0092BFC2 /* TrackerStore.swift in Sources */,
			);
			runOnlyForDeploymentPostprocessing = 0;
		};
		15FCF5012CB46F9B00514277 /* Sources */ = {
			isa = PBXSourcesBuildPhase;
			buildActionMask = 2147483647;
			files = (
			);
			runOnlyForDeploymentPostprocessing = 0;
		};
/* End PBXSourcesBuildPhase section */

/* Begin PBXTargetDependency section */
		15FCF4FD2CB46F9B00514277 /* PBXTargetDependency */ = {
			isa = PBXTargetDependency;
			target = 15FCF4E12CB46F9900514277 /* TrackerIos */;
			targetProxy = 15FCF4FC2CB46F9B00514277 /* PBXContainerItemProxy */;
		};
		15FCF5072CB46F9B00514277 /* PBXTargetDependency */ = {
			isa = PBXTargetDependency;
			target = 15FCF4E12CB46F9900514277 /* TrackerIos */;
			targetProxy = 15FCF5062CB46F9B00514277 /* PBXContainerItemProxy */;
		};
/* End PBXTargetDependency section */

/* Begin PBXVariantGroup section */
		15B2D0112CB7283D004986A7 /* LaunchScreen.storyboard */ = {
			isa = PBXVariantGroup;
			children = (
				15B2D0102CB7283D004986A7 /* Base */,
			);
			name = LaunchScreen.storyboard;
			sourceTree = "<group>";
		};
/* End PBXVariantGroup section */

/* Begin XCBuildConfiguration section */
		15FCF50F2CB46F9B00514277 /* Debug */ = {
			isa = XCBuildConfiguration;
			buildSettings = {
				ASSETCATALOG_COMPILER_APPICON_NAME = AppIcon;
				ASSETCATALOG_COMPILER_GLOBAL_ACCENT_COLOR_NAME = AccentColor;
				CODE_SIGN_STYLE = Automatic;
				CURRENT_PROJECT_VERSION = 1;
				DEVELOPMENT_TEAM = HR3483MW64;
				GENERATE_INFOPLIST_FILE = YES;
				INFOPLIST_FILE = TrackerIos/Info.plist;
				INFOPLIST_KEY_UIApplicationSupportsIndirectInputEvents = YES;
				INFOPLIST_KEY_UILaunchStoryboardName = LaunchScreen;
				INFOPLIST_KEY_UISupportedInterfaceOrientations = UIInterfaceOrientationPortrait;
				IPHONEOS_DEPLOYMENT_TARGET = 13.4;
				LD_RUNPATH_SEARCH_PATHS = (
					"$(inherited)",
					"@executable_path/Frameworks",
				);
				MARKETING_VERSION = 1.0;
				PRODUCT_BUNDLE_IDENTIFIER = com.difinxhs.TrackerIos;
				PRODUCT_NAME = "$(TARGET_NAME)";
				SUPPORTED_PLATFORMS = "iphoneos iphonesimulator";
				SUPPORTS_MACCATALYST = NO;
				SUPPORTS_MAC_DESIGNED_FOR_IPHONE_IPAD = NO;
				SUPPORTS_XR_DESIGNED_FOR_IPHONE_IPAD = NO;
				SWIFT_EMIT_LOC_STRINGS = YES;
				SWIFT_VERSION = 5.0;
				TARGETED_DEVICE_FAMILY = 1;
			};
			name = Debug;
		};
		15FCF5102CB46F9B00514277 /* Release */ = {
			isa = XCBuildConfiguration;
			buildSettings = {
				ASSETCATALOG_COMPILER_APPICON_NAME = AppIcon;
				ASSETCATALOG_COMPILER_GLOBAL_ACCENT_COLOR_NAME = AccentColor;
				CODE_SIGN_STYLE = Automatic;
				CURRENT_PROJECT_VERSION = 1;
				DEVELOPMENT_TEAM = HR3483MW64;
				GENERATE_INFOPLIST_FILE = YES;
				INFOPLIST_FILE = TrackerIos/Info.plist;
				INFOPLIST_KEY_UIApplicationSupportsIndirectInputEvents = YES;
				INFOPLIST_KEY_UILaunchStoryboardName = LaunchScreen;
				INFOPLIST_KEY_UISupportedInterfaceOrientations = UIInterfaceOrientationPortrait;
				IPHONEOS_DEPLOYMENT_TARGET = 13.4;
				LD_RUNPATH_SEARCH_PATHS = (
					"$(inherited)",
					"@executable_path/Frameworks",
				);
				MARKETING_VERSION = 1.0;
				PRODUCT_BUNDLE_IDENTIFIER = com.difinxhs.TrackerIos;
				PRODUCT_NAME = "$(TARGET_NAME)";
				SUPPORTED_PLATFORMS = "iphoneos iphonesimulator";
				SUPPORTS_MACCATALYST = NO;
				SUPPORTS_MAC_DESIGNED_FOR_IPHONE_IPAD = NO;
				SUPPORTS_XR_DESIGNED_FOR_IPHONE_IPAD = NO;
				SWIFT_EMIT_LOC_STRINGS = YES;
				SWIFT_VERSION = 5.0;
				TARGETED_DEVICE_FAMILY = 1;
			};
			name = Release;
		};
		15FCF5112CB46F9B00514277 /* Debug */ = {
			isa = XCBuildConfiguration;
			buildSettings = {
				ALWAYS_SEARCH_USER_PATHS = NO;
				ASSETCATALOG_COMPILER_GENERATE_SWIFT_ASSET_SYMBOL_EXTENSIONS = YES;
				CLANG_ANALYZER_NONNULL = YES;
				CLANG_ANALYZER_NUMBER_OBJECT_CONVERSION = YES_AGGRESSIVE;
				CLANG_CXX_LANGUAGE_STANDARD = "gnu++20";
				CLANG_ENABLE_MODULES = YES;
				CLANG_ENABLE_OBJC_ARC = YES;
				CLANG_ENABLE_OBJC_WEAK = YES;
				CLANG_WARN_BLOCK_CAPTURE_AUTORELEASING = YES;
				CLANG_WARN_BOOL_CONVERSION = YES;
				CLANG_WARN_COMMA = YES;
				CLANG_WARN_CONSTANT_CONVERSION = YES;
				CLANG_WARN_DEPRECATED_OBJC_IMPLEMENTATIONS = YES;
				CLANG_WARN_DIRECT_OBJC_ISA_USAGE = YES_ERROR;
				CLANG_WARN_DOCUMENTATION_COMMENTS = YES;
				CLANG_WARN_EMPTY_BODY = YES;
				CLANG_WARN_ENUM_CONVERSION = YES;
				CLANG_WARN_INFINITE_RECURSION = YES;
				CLANG_WARN_INT_CONVERSION = YES;
				CLANG_WARN_NON_LITERAL_NULL_CONVERSION = YES;
				CLANG_WARN_OBJC_IMPLICIT_RETAIN_SELF = YES;
				CLANG_WARN_OBJC_LITERAL_CONVERSION = YES;
				CLANG_WARN_OBJC_ROOT_CLASS = YES_ERROR;
				CLANG_WARN_QUOTED_INCLUDE_IN_FRAMEWORK_HEADER = YES;
				CLANG_WARN_RANGE_LOOP_ANALYSIS = YES;
				CLANG_WARN_STRICT_PROTOTYPES = YES;
				CLANG_WARN_SUSPICIOUS_MOVE = YES;
				CLANG_WARN_UNGUARDED_AVAILABILITY = YES_AGGRESSIVE;
				CLANG_WARN_UNREACHABLE_CODE = YES;
				CLANG_WARN__DUPLICATE_METHOD_MATCH = YES;
				COPY_PHASE_STRIP = NO;
				DEBUG_INFORMATION_FORMAT = dwarf;
				ENABLE_STRICT_OBJC_MSGSEND = YES;
				ENABLE_TESTABILITY = YES;
				ENABLE_USER_SCRIPT_SANDBOXING = YES;
				GCC_C_LANGUAGE_STANDARD = gnu17;
				GCC_DYNAMIC_NO_PIC = NO;
				GCC_NO_COMMON_BLOCKS = YES;
				GCC_OPTIMIZATION_LEVEL = 0;
				GCC_PREPROCESSOR_DEFINITIONS = (
					"DEBUG=1",
					"$(inherited)",
				);
				GCC_WARN_64_TO_32_BIT_CONVERSION = YES;
				GCC_WARN_ABOUT_RETURN_TYPE = YES_ERROR;
				GCC_WARN_UNDECLARED_SELECTOR = YES;
				GCC_WARN_UNINITIALIZED_AUTOS = YES_AGGRESSIVE;
				GCC_WARN_UNUSED_FUNCTION = YES;
				GCC_WARN_UNUSED_VARIABLE = YES;
				IPHONEOS_DEPLOYMENT_TARGET = 13.4;
				LOCALIZATION_PREFERS_STRING_CATALOGS = YES;
				MTL_ENABLE_DEBUG_INFO = INCLUDE_SOURCE;
				MTL_FAST_MATH = YES;
				ONLY_ACTIVE_ARCH = YES;
				SDKROOT = iphoneos;
				SWIFT_ACTIVE_COMPILATION_CONDITIONS = "DEBUG $(inherited)";
				SWIFT_OPTIMIZATION_LEVEL = "-Onone";
			};
			name = Debug;
		};
		15FCF5122CB46F9B00514277 /* Release */ = {
			isa = XCBuildConfiguration;
			buildSettings = {
				ALWAYS_SEARCH_USER_PATHS = NO;
				ASSETCATALOG_COMPILER_GENERATE_SWIFT_ASSET_SYMBOL_EXTENSIONS = YES;
				CLANG_ANALYZER_NONNULL = YES;
				CLANG_ANALYZER_NUMBER_OBJECT_CONVERSION = YES_AGGRESSIVE;
				CLANG_CXX_LANGUAGE_STANDARD = "gnu++20";
				CLANG_ENABLE_MODULES = YES;
				CLANG_ENABLE_OBJC_ARC = YES;
				CLANG_ENABLE_OBJC_WEAK = YES;
				CLANG_WARN_BLOCK_CAPTURE_AUTORELEASING = YES;
				CLANG_WARN_BOOL_CONVERSION = YES;
				CLANG_WARN_COMMA = YES;
				CLANG_WARN_CONSTANT_CONVERSION = YES;
				CLANG_WARN_DEPRECATED_OBJC_IMPLEMENTATIONS = YES;
				CLANG_WARN_DIRECT_OBJC_ISA_USAGE = YES_ERROR;
				CLANG_WARN_DOCUMENTATION_COMMENTS = YES;
				CLANG_WARN_EMPTY_BODY = YES;
				CLANG_WARN_ENUM_CONVERSION = YES;
				CLANG_WARN_INFINITE_RECURSION = YES;
				CLANG_WARN_INT_CONVERSION = YES;
				CLANG_WARN_NON_LITERAL_NULL_CONVERSION = YES;
				CLANG_WARN_OBJC_IMPLICIT_RETAIN_SELF = YES;
				CLANG_WARN_OBJC_LITERAL_CONVERSION = YES;
				CLANG_WARN_OBJC_ROOT_CLASS = YES_ERROR;
				CLANG_WARN_QUOTED_INCLUDE_IN_FRAMEWORK_HEADER = YES;
				CLANG_WARN_RANGE_LOOP_ANALYSIS = YES;
				CLANG_WARN_STRICT_PROTOTYPES = YES;
				CLANG_WARN_SUSPICIOUS_MOVE = YES;
				CLANG_WARN_UNGUARDED_AVAILABILITY = YES_AGGRESSIVE;
				CLANG_WARN_UNREACHABLE_CODE = YES;
				CLANG_WARN__DUPLICATE_METHOD_MATCH = YES;
				COPY_PHASE_STRIP = NO;
				DEBUG_INFORMATION_FORMAT = "dwarf-with-dsym";
				ENABLE_NS_ASSERTIONS = NO;
				ENABLE_STRICT_OBJC_MSGSEND = YES;
				ENABLE_USER_SCRIPT_SANDBOXING = YES;
				GCC_C_LANGUAGE_STANDARD = gnu17;
				GCC_NO_COMMON_BLOCKS = YES;
				GCC_WARN_64_TO_32_BIT_CONVERSION = YES;
				GCC_WARN_ABOUT_RETURN_TYPE = YES_ERROR;
				GCC_WARN_UNDECLARED_SELECTOR = YES;
				GCC_WARN_UNINITIALIZED_AUTOS = YES_AGGRESSIVE;
				GCC_WARN_UNUSED_FUNCTION = YES;
				GCC_WARN_UNUSED_VARIABLE = YES;
				IPHONEOS_DEPLOYMENT_TARGET = 13.4;
				LOCALIZATION_PREFERS_STRING_CATALOGS = YES;
				MTL_ENABLE_DEBUG_INFO = NO;
				MTL_FAST_MATH = YES;
				SDKROOT = iphoneos;
				SWIFT_COMPILATION_MODE = wholemodule;
				VALIDATE_PRODUCT = YES;
			};
			name = Release;
		};
		15FCF5142CB46F9B00514277 /* Debug */ = {
			isa = XCBuildConfiguration;
			buildSettings = {
				BUNDLE_LOADER = "$(TEST_HOST)";
				CODE_SIGN_STYLE = Automatic;
				CURRENT_PROJECT_VERSION = 1;
				DEVELOPMENT_TEAM = HR3483MW64;
				GENERATE_INFOPLIST_FILE = YES;
				IPHONEOS_DEPLOYMENT_TARGET = 18.0;
				MARKETING_VERSION = 1.0;
				PRODUCT_BUNDLE_IDENTIFIER = com.difinxhs.TrackerIosTests;
				PRODUCT_NAME = "$(TARGET_NAME)";
				SWIFT_EMIT_LOC_STRINGS = NO;
				SWIFT_VERSION = 5.0;
				TARGETED_DEVICE_FAMILY = "1,2";
				TEST_HOST = "$(BUILT_PRODUCTS_DIR)/TrackerIos.app/$(BUNDLE_EXECUTABLE_FOLDER_PATH)/TrackerIos";
			};
			name = Debug;
		};
		15FCF5152CB46F9B00514277 /* Release */ = {
			isa = XCBuildConfiguration;
			buildSettings = {
				BUNDLE_LOADER = "$(TEST_HOST)";
				CODE_SIGN_STYLE = Automatic;
				CURRENT_PROJECT_VERSION = 1;
				DEVELOPMENT_TEAM = HR3483MW64;
				GENERATE_INFOPLIST_FILE = YES;
				IPHONEOS_DEPLOYMENT_TARGET = 18.0;
				MARKETING_VERSION = 1.0;
				PRODUCT_BUNDLE_IDENTIFIER = com.difinxhs.TrackerIosTests;
				PRODUCT_NAME = "$(TARGET_NAME)";
				SWIFT_EMIT_LOC_STRINGS = NO;
				SWIFT_VERSION = 5.0;
				TARGETED_DEVICE_FAMILY = "1,2";
				TEST_HOST = "$(BUILT_PRODUCTS_DIR)/TrackerIos.app/$(BUNDLE_EXECUTABLE_FOLDER_PATH)/TrackerIos";
			};
			name = Release;
		};
		15FCF5172CB46F9B00514277 /* Debug */ = {
			isa = XCBuildConfiguration;
			buildSettings = {
				CODE_SIGN_STYLE = Automatic;
				CURRENT_PROJECT_VERSION = 1;
				DEVELOPMENT_TEAM = HR3483MW64;
				GENERATE_INFOPLIST_FILE = YES;
				MARKETING_VERSION = 1.0;
				PRODUCT_BUNDLE_IDENTIFIER = com.difinxhs.TrackerIosUITests;
				PRODUCT_NAME = "$(TARGET_NAME)";
				SWIFT_EMIT_LOC_STRINGS = NO;
				SWIFT_VERSION = 5.0;
				TARGETED_DEVICE_FAMILY = "1,2";
				TEST_TARGET_NAME = TrackerIos;
			};
			name = Debug;
		};
		15FCF5182CB46F9B00514277 /* Release */ = {
			isa = XCBuildConfiguration;
			buildSettings = {
				CODE_SIGN_STYLE = Automatic;
				CURRENT_PROJECT_VERSION = 1;
				DEVELOPMENT_TEAM = HR3483MW64;
				GENERATE_INFOPLIST_FILE = YES;
				MARKETING_VERSION = 1.0;
				PRODUCT_BUNDLE_IDENTIFIER = com.difinxhs.TrackerIosUITests;
				PRODUCT_NAME = "$(TARGET_NAME)";
				SWIFT_EMIT_LOC_STRINGS = NO;
				SWIFT_VERSION = 5.0;
				TARGETED_DEVICE_FAMILY = "1,2";
				TEST_TARGET_NAME = TrackerIos;
			};
			name = Release;
		};
/* End XCBuildConfiguration section */

/* Begin XCConfigurationList section */
		15FCF4DD2CB46F9900514277 /* Build configuration list for PBXProject "TrackerIos" */ = {
			isa = XCConfigurationList;
			buildConfigurations = (
				15FCF5112CB46F9B00514277 /* Debug */,
				15FCF5122CB46F9B00514277 /* Release */,
			);
			defaultConfigurationIsVisible = 0;
			defaultConfigurationName = Release;
		};
		15FCF50E2CB46F9B00514277 /* Build configuration list for PBXNativeTarget "TrackerIos" */ = {
			isa = XCConfigurationList;
			buildConfigurations = (
				15FCF50F2CB46F9B00514277 /* Debug */,
				15FCF5102CB46F9B00514277 /* Release */,
			);
			defaultConfigurationIsVisible = 0;
			defaultConfigurationName = Release;
		};
		15FCF5132CB46F9B00514277 /* Build configuration list for PBXNativeTarget "TrackerIosTests" */ = {
			isa = XCConfigurationList;
			buildConfigurations = (
				15FCF5142CB46F9B00514277 /* Debug */,
				15FCF5152CB46F9B00514277 /* Release */,
			);
			defaultConfigurationIsVisible = 0;
			defaultConfigurationName = Release;
		};
		15FCF5162CB46F9B00514277 /* Build configuration list for PBXNativeTarget "TrackerIosUITests" */ = {
			isa = XCConfigurationList;
			buildConfigurations = (
				15FCF5172CB46F9B00514277 /* Debug */,
				15FCF5182CB46F9B00514277 /* Release */,
			);
			defaultConfigurationIsVisible = 0;
			defaultConfigurationName = Release;
		};
/* End XCConfigurationList section */

/* Begin XCVersionGroup section */
		154A9BDF2D1B77DA00B24184 /* Model.xcdatamodeld */ = {
			isa = XCVersionGroup;
			children = (
				154A9BE02D1B77DA00B24184 /* Model.xcdatamodel */,
			);
			currentVersion = 154A9BE02D1B77DA00B24184 /* Model.xcdatamodel */;
			path = Model.xcdatamodeld;
			sourceTree = "<group>";
			versionGroupType = wrapper.xcdatamodel;
		};
/* End XCVersionGroup section */
	};
	rootObject = 15FCF4DA2CB46F9900514277 /* Project object */;
}
